
Microsoft Visual Studio Solution File, Format Version 12.00
# Visual Studio Version 17
VisualStudioVersion = 17.9.34622.214
MinimumVisualStudioVersion = 10.0.40219.1
Project("{FAE04EC0-301F-11D3-BF4B-00C04F79EFBC}") = "LINQ_Lez01_filtro_numerico", "LINQ_Lez01_filtro_numerico\LINQ_Lez01_filtro_numerico.csproj", "{A6421674-FF4D-479E-BE35-F7DA92DDB6D8}"
EndProject
Global
	GlobalSection(SolutionConfigurationPlatforms) = preSolution
		Debug|Any CPU = Debug|Any CPU
		Release|Any CPU = Release|Any CPU
	EndGlobalSection
	GlobalSection(ProjectConfigurationPlatforms) = postSolution
		{A6421674-FF4D-479E-BE35-F7DA92DDB6D8}.Debug|Any CPU.ActiveCfg = Debug|Any CPU
		{A6421674-FF4D-479E-BE35-F7DA92DDB6D8}.Debug|Any CPU.Build.0 = Debug|Any CPU
		{A6421674-FF4D-479E-BE35-F7DA92DDB6D8}.Release|Any CPU.ActiveCfg = Release|Any CPU
		{A6421674-FF4D-479E-BE35-F7DA92DDB6D8}.Release|Any CPU.Build.0 = Release|Any CPU
	EndGlobalSection
	GlobalSection(SolutionProperties) = preSolution
		HideSolutionNode = FALSE
	EndGlobalSection
	GlobalSection(ExtensibilityGlobals) = postSolution
		SolutionGuid = {58F6550E-5182-4001-87F7-CE6B7D53D7AA}
	EndGlobalSection
EndGlobal
