
Microsoft Visual Studio Solution File, Format Version 12.00
# Visual Studio Version 17
VisualStudioVersion = 17.9.34622.214
MinimumVisualStudioVersion = 10.0.40219.1
Project("{FAE04EC0-301F-11D3-BF4B-00C04F79EFBC}") = "Lez05_02_StaticiEreditari", "Lez05_02_StaticiEreditari\Lez05_02_StaticiEreditari.csproj", "{73C6F078-2FE2-4E1E-878E-05104FB959FA}"
EndProject
Global
	GlobalSection(SolutionConfigurationPlatforms) = preSolution
		Debug|Any CPU = Debug|Any CPU
		Release|Any CPU = Release|Any CPU
	EndGlobalSection
	GlobalSection(ProjectConfigurationPlatforms) = postSolution
		{73C6F078-2FE2-4E1E-878E-05104FB959FA}.Debug|Any CPU.ActiveCfg = Debug|Any CPU
		{73C6F078-2FE2-4E1E-878E-05104FB959FA}.Debug|Any CPU.Build.0 = Debug|Any CPU
		{73C6F078-2FE2-4E1E-878E-05104FB959FA}.Release|Any CPU.ActiveCfg = Release|Any CPU
		{73C6F078-2FE2-4E1E-878E-05104FB959FA}.Release|Any CPU.Build.0 = Release|Any CPU
	EndGlobalSection
	GlobalSection(SolutionProperties) = preSolution
		HideSolutionNode = FALSE
	EndGlobalSection
	GlobalSection(ExtensibilityGlobals) = postSolution
		SolutionGuid = {F4E15367-D264-475E-900B-A8E4EDB2EFF6}
	EndGlobalSection
EndGlobal
