
Microsoft Visual Studio Solution File, Format Version 12.00
# Visual Studio Version 17
VisualStudioVersion = 17.9.34622.214
MinimumVisualStudioVersion = 10.0.40219.1
Project("{FAE04EC0-301F-11D3-BF4B-00C04F79EFBC}") = "DB_Lez06_task universita", "DB_Lez06_task universita\DB_Lez06_task universita.csproj", "{A26F974B-24DC-40D2-9A1B-684EED57FD6D}"
EndProject
Global
	GlobalSection(SolutionConfigurationPlatforms) = preSolution
		Debug|Any CPU = Debug|Any CPU
		Release|Any CPU = Release|Any CPU
	EndGlobalSection
	GlobalSection(ProjectConfigurationPlatforms) = postSolution
		{A26F974B-24DC-40D2-9A1B-684EED57FD6D}.Debug|Any CPU.ActiveCfg = Debug|Any CPU
		{A26F974B-24DC-40D2-9A1B-684EED57FD6D}.Debug|Any CPU.Build.0 = Debug|Any CPU
		{A26F974B-24DC-40D2-9A1B-684EED57FD6D}.Release|Any CPU.ActiveCfg = Release|Any CPU
		{A26F974B-24DC-40D2-9A1B-684EED57FD6D}.Release|Any CPU.Build.0 = Release|Any CPU
	EndGlobalSection
	GlobalSection(SolutionProperties) = preSolution
		HideSolutionNode = FALSE
	EndGlobalSection
	GlobalSection(ExtensibilityGlobals) = postSolution
		SolutionGuid = {820B283F-668E-49D3-A536-BAE2F920E9DB}
	EndGlobalSection
EndGlobal
