
Microsoft Visual Studio Solution File, Format Version 12.00
# Visual Studio Version 17
VisualStudioVersion = 17.9.34622.214
MinimumVisualStudioVersion = 10.0.40219.1
Project("{FAE04EC0-301F-11D3-BF4B-00C04F79EFBC}") = "DB_Lez05_Correzione_Esercitazione03", "DB_Lez05_Correzione_Esercitazione03\DB_Lez05_Correzione_Esercitazione03.csproj", "{18D10A81-1D7B-407C-8363-46F7277F7737}"
EndProject
Global
	GlobalSection(SolutionConfigurationPlatforms) = preSolution
		Debug|Any CPU = Debug|Any CPU
		Release|Any CPU = Release|Any CPU
	EndGlobalSection
	GlobalSection(ProjectConfigurationPlatforms) = postSolution
		{18D10A81-1D7B-407C-8363-46F7277F7737}.Debug|Any CPU.ActiveCfg = Debug|Any CPU
		{18D10A81-1D7B-407C-8363-46F7277F7737}.Debug|Any CPU.Build.0 = Debug|Any CPU
		{18D10A81-1D7B-407C-8363-46F7277F7737}.Release|Any CPU.ActiveCfg = Release|Any CPU
		{18D10A81-1D7B-407C-8363-46F7277F7737}.Release|Any CPU.Build.0 = Release|Any CPU
	EndGlobalSection
	GlobalSection(SolutionProperties) = preSolution
		HideSolutionNode = FALSE
	EndGlobalSection
	GlobalSection(ExtensibilityGlobals) = postSolution
		SolutionGuid = {9298AC80-B366-4470-87B6-6671DC0443A0}
	EndGlobalSection
EndGlobal
