
Microsoft Visual Studio Solution File, Format Version 12.00
# Visual Studio Version 17
VisualStudioVersion = 17.9.34622.214
MinimumVisualStudioVersion = 10.0.40219.1
Project("{FAE04EC0-301F-11D3-BF4B-00C04F79EFBC}") = "Lez03_02_TaskContenitori", "Lez03_02_TaskContenitori\Lez03_02_TaskContenitori.csproj", "{DBE27A54-27F1-496D-A15F-934A667649DB}"
EndProject
Global
	GlobalSection(SolutionConfigurationPlatforms) = preSolution
		Debug|Any CPU = Debug|Any CPU
		Release|Any CPU = Release|Any CPU
	EndGlobalSection
	GlobalSection(ProjectConfigurationPlatforms) = postSolution
		{DBE27A54-27F1-496D-A15F-934A667649DB}.Debug|Any CPU.ActiveCfg = Debug|Any CPU
		{DBE27A54-27F1-496D-A15F-934A667649DB}.Debug|Any CPU.Build.0 = Debug|Any CPU
		{DBE27A54-27F1-496D-A15F-934A667649DB}.Release|Any CPU.ActiveCfg = Release|Any CPU
		{DBE27A54-27F1-496D-A15F-934A667649DB}.Release|Any CPU.Build.0 = Release|Any CPU
	EndGlobalSection
	GlobalSection(SolutionProperties) = preSolution
		HideSolutionNode = FALSE
	EndGlobalSection
	GlobalSection(ExtensibilityGlobals) = postSolution
		SolutionGuid = {0EEBA4AD-CF27-426F-837C-970A229CBEE9}
	EndGlobalSection
EndGlobal
