
Microsoft Visual Studio Solution File, Format Version 12.00
# Visual Studio Version 17
VisualStudioVersion = 17.9.34622.214
MinimumVisualStudioVersion = 10.0.40219.1
Project("{FAE04EC0-301F-11D3-BF4B-00C04F79EFBC}") = "DB_Lez05_task", "DB_Lez05_task\DB_Lez05_task.csproj", "{4B7C5FB7-7D31-403E-A095-CD0A115BAB82}"
EndProject
Global
	GlobalSection(SolutionConfigurationPlatforms) = preSolution
		Debug|Any CPU = Debug|Any CPU
		Release|Any CPU = Release|Any CPU
	EndGlobalSection
	GlobalSection(ProjectConfigurationPlatforms) = postSolution
		{4B7C5FB7-7D31-403E-A095-CD0A115BAB82}.Debug|Any CPU.ActiveCfg = Debug|Any CPU
		{4B7C5FB7-7D31-403E-A095-CD0A115BAB82}.Debug|Any CPU.Build.0 = Debug|Any CPU
		{4B7C5FB7-7D31-403E-A095-CD0A115BAB82}.Release|Any CPU.ActiveCfg = Release|Any CPU
		{4B7C5FB7-7D31-403E-A095-CD0A115BAB82}.Release|Any CPU.Build.0 = Release|Any CPU
	EndGlobalSection
	GlobalSection(SolutionProperties) = preSolution
		HideSolutionNode = FALSE
	EndGlobalSection
	GlobalSection(ExtensibilityGlobals) = postSolution
		SolutionGuid = {70C76B51-62E7-43D0-890B-FE1296D1A29E}
	EndGlobalSection
EndGlobal
