
Microsoft Visual Studio Solution File, Format Version 12.00
# Visual Studio Version 17
VisualStudioVersion = 17.9.34622.214
MinimumVisualStudioVersion = 10.0.40219.1
Project("{FAE04EC0-301F-11D3-BF4B-00C04F79EFBC}") = "Esercitazione03_20-03-2024", "Esercitazione03_20-03-2024\Esercitazione03_20-03-2024.csproj", "{EE8695F4-6746-4B74-BB42-59914CB16BC3}"
EndProject
Global
	GlobalSection(SolutionConfigurationPlatforms) = preSolution
		Debug|Any CPU = Debug|Any CPU
		Release|Any CPU = Release|Any CPU
	EndGlobalSection
	GlobalSection(ProjectConfigurationPlatforms) = postSolution
		{EE8695F4-6746-4B74-BB42-59914CB16BC3}.Debug|Any CPU.ActiveCfg = Debug|Any CPU
		{EE8695F4-6746-4B74-BB42-59914CB16BC3}.Debug|Any CPU.Build.0 = Debug|Any CPU
		{EE8695F4-6746-4B74-BB42-59914CB16BC3}.Release|Any CPU.ActiveCfg = Release|Any CPU
		{EE8695F4-6746-4B74-BB42-59914CB16BC3}.Release|Any CPU.Build.0 = Release|Any CPU
	EndGlobalSection
	GlobalSection(SolutionProperties) = preSolution
		HideSolutionNode = FALSE
	EndGlobalSection
	GlobalSection(ExtensibilityGlobals) = postSolution
		SolutionGuid = {0C2200E7-06C6-47CC-A24E-C9E71E0D4856}
	EndGlobalSection
EndGlobal
