
Microsoft Visual Studio Solution File, Format Version 12.00
# Visual Studio Version 17
VisualStudioVersion = 17.9.34622.214
MinimumVisualStudioVersion = 10.0.40219.1
Project("{FAE04EC0-301F-11D3-BF4B-00C04F79EFBC}") = "ASP_lez02_EF_libreria", "ASP_lez02_EF_libreria\ASP_lez02_EF_libreria.csproj", "{D62ACEF8-FE95-496A-B2ED-33457978136B}"
EndProject
Global
	GlobalSection(SolutionConfigurationPlatforms) = preSolution
		Debug|Any CPU = Debug|Any CPU
		Release|Any CPU = Release|Any CPU
	EndGlobalSection
	GlobalSection(ProjectConfigurationPlatforms) = postSolution
		{D62ACEF8-FE95-496A-B2ED-33457978136B}.Debug|Any CPU.ActiveCfg = Debug|Any CPU
		{D62ACEF8-FE95-496A-B2ED-33457978136B}.Debug|Any CPU.Build.0 = Debug|Any CPU
		{D62ACEF8-FE95-496A-B2ED-33457978136B}.Release|Any CPU.ActiveCfg = Release|Any CPU
		{D62ACEF8-FE95-496A-B2ED-33457978136B}.Release|Any CPU.Build.0 = Release|Any CPU
	EndGlobalSection
	GlobalSection(SolutionProperties) = preSolution
		HideSolutionNode = FALSE
	EndGlobalSection
	GlobalSection(ExtensibilityGlobals) = postSolution
		SolutionGuid = {85AC2FED-478D-497F-A287-5462C0DF2D16}
	EndGlobalSection
EndGlobal
