
Microsoft Visual Studio Solution File, Format Version 12.00
# Visual Studio Version 17
VisualStudioVersion = 17.9.34622.214
MinimumVisualStudioVersion = 10.0.40219.1
Project("{FAE04EC0-301F-11D3-BF4B-00C04F79EFBC}") = "Lez02_06_CicliSemplici", "Lez02_06_CicliSemplici\Lez02_06_CicliSemplici.csproj", "{1E2E00B0-337E-4C15-949B-4855AA2CBCB1}"
EndProject
Global
	GlobalSection(SolutionConfigurationPlatforms) = preSolution
		Debug|Any CPU = Debug|Any CPU
		Release|Any CPU = Release|Any CPU
	EndGlobalSection
	GlobalSection(ProjectConfigurationPlatforms) = postSolution
		{1E2E00B0-337E-4C15-949B-4855AA2CBCB1}.Debug|Any CPU.ActiveCfg = Debug|Any CPU
		{1E2E00B0-337E-4C15-949B-4855AA2CBCB1}.Debug|Any CPU.Build.0 = Debug|Any CPU
		{1E2E00B0-337E-4C15-949B-4855AA2CBCB1}.Release|Any CPU.ActiveCfg = Release|Any CPU
		{1E2E00B0-337E-4C15-949B-4855AA2CBCB1}.Release|Any CPU.Build.0 = Release|Any CPU
	EndGlobalSection
	GlobalSection(SolutionProperties) = preSolution
		HideSolutionNode = FALSE
	EndGlobalSection
	GlobalSection(ExtensibilityGlobals) = postSolution
		SolutionGuid = {936B4BCF-B69B-4B66-8010-680DF6099C31}
	EndGlobalSection
EndGlobal
