
Microsoft Visual Studio Solution File, Format Version 12.00
# Visual Studio Version 17
VisualStudioVersion = 17.9.34622.214
MinimumVisualStudioVersion = 10.0.40219.1
Project("{FAE04EC0-301F-11D3-BF4B-00C04F79EFBC}") = "ASP_Lez03_EF_Gestione_Ferramenta", "ASP_Lez03_EF_Gestione_Ferramenta\ASP_Lez03_EF_Gestione_Ferramenta.csproj", "{5DA198FB-1D3E-4CA1-B4FA-33A02F3683EB}"
EndProject
Global
	GlobalSection(SolutionConfigurationPlatforms) = preSolution
		Debug|Any CPU = Debug|Any CPU
		Release|Any CPU = Release|Any CPU
	EndGlobalSection
	GlobalSection(ProjectConfigurationPlatforms) = postSolution
		{5DA198FB-1D3E-4CA1-B4FA-33A02F3683EB}.Debug|Any CPU.ActiveCfg = Debug|Any CPU
		{5DA198FB-1D3E-4CA1-B4FA-33A02F3683EB}.Debug|Any CPU.Build.0 = Debug|Any CPU
		{5DA198FB-1D3E-4CA1-B4FA-33A02F3683EB}.Release|Any CPU.ActiveCfg = Release|Any CPU
		{5DA198FB-1D3E-4CA1-B4FA-33A02F3683EB}.Release|Any CPU.Build.0 = Release|Any CPU
	EndGlobalSection
	GlobalSection(SolutionProperties) = preSolution
		HideSolutionNode = FALSE
	EndGlobalSection
	GlobalSection(ExtensibilityGlobals) = postSolution
		SolutionGuid = {0BAC7689-AA87-4240-878E-E8FF115A1928}
	EndGlobalSection
EndGlobal
